
Microsoft Visual Studio Solution File, Format Version 11.00
# Visual Studio 2010
Project("{FAE04EC0-301F-11D3-BF4B-00C04F79EFBC}") = "SERİAL OLUŞTURMA", "SERİAL OLUŞTURMA\SERİAL OLUŞTURMA.csproj", "{01EE6293-7423-4FB3-9B9F-D5F942016949}"
EndProject
Global
	GlobalSection(SolutionConfigurationPlatforms) = preSolution
		Debug|x86 = Debug|x86
		Release|x86 = Release|x86
	EndGlobalSection
	GlobalSection(ProjectConfigurationPlatforms) = postSolution
		{01EE6293-7423-4FB3-9B9F-D5F942016949}.Debug|x86.ActiveCfg = Debug|x86
		{01EE6293-7423-4FB3-9B9F-D5F942016949}.Debug|x86.Build.0 = Debug|x86
		{01EE6293-7423-4FB3-9B9F-D5F942016949}.Release|x86.ActiveCfg = Release|x86
		{01EE6293-7423-4FB3-9B9F-D5F942016949}.Release|x86.Build.0 = Release|x86
	EndGlobalSection
	GlobalSection(SolutionProperties) = preSolution
		HideSolutionNode = FALSE
	EndGlobalSection
EndGlobal
